{
  "name": "fc-modules-ts",
  "version": "1.0.0",
  "lockfileVersion": 1,
  "requires": true,
  "dependencies": {
    "@types/jquery": {
      "version": "3.3.30",
      "resolved": "https://registry.npmjs.org/@types/jquery/-/jquery-3.3.30.tgz",
      "integrity": "sha512-chB+QbLulamShZAFcTJtl8opZwHFBpDOP6nRLrPGkhC6N1aKWrDXg2Nc71tEg6ny6E8SQpRwbWSi9GdstH5VJA==",
      "requires": {
        "@types/sizzle": "2.3.2"
      }
    },
    "@types/node": {
      "version": "12.6.8",
      "resolved": "https://registry.npmjs.org/@types/node/-/node-12.6.8.tgz",
      "integrity": "sha512-aX+gFgA5GHcDi89KG5keey2zf0WfZk/HAQotEamsK2kbey+8yGKcson0hbK8E+v0NArlCJQCqMP161YhV6ZXLg=="
    },
    "@types/sha.js": {
      "version": "2.4.0",
      "resolved": "https://registry.npmjs.org/@types/sha.js/-/sha.js-2.4.0.tgz",
      "integrity": "sha512-amxKgPy6WJTKuw8mpUwjX2BSxuBtBmZfRwIUDIuPJKNwGN8CWDli8JTg5ONTWOtcTkHIstvT7oAhhYXqEjStHQ==",
      "requires": {
        "@types/node": "12.6.8"
      }
    },
    "@types/sizzle": {
      "version": "2.3.2",
      "resolved": "https://registry.npmjs.org/@types/sizzle/-/sizzle-2.3.2.tgz",
      "integrity": "sha512-7EJYyKTL7tFR8+gDbB6Wwz/arpGa0Mywk1TJbNzKzHtzbwVmY4HR9WqS5VV7dsBUKQmPNr192jHr/VpBluj/hg=="
    },
    "ansi-escapes": {
      "version": "4.2.1",
      "resolved": "https://registry.npmjs.org/ansi-escapes/-/ansi-escapes-4.2.1.tgz",
      "integrity": "sha512-Cg3ymMAdN10wOk/VYfLV7KCQyv7EDirJ64500sU7n9UlmioEtDuU5Gd+hj73hXSU/ex7tHJSssmyftDdkMLO8Q==",
      "requires": {
        "type-fest": "0.5.2"
      }
    },
    "inherits": {
      "version": "2.0.4",
      "resolved": "https://registry.npmjs.org/inherits/-/inherits-2.0.4.tgz",
      "integrity": "sha512-k/vGaX4/Yla3WzyMCvTQOXYeIHvqOKtnqBduzTHpzpQZzAskKMhZ2K+EnBiSM9zGSoIFeMpXKxa4dYeZIQqewQ=="
    },
    "safe-buffer": {
      "version": "5.2.0",
      "resolved": "https://registry.npmjs.org/safe-buffer/-/safe-buffer-5.2.0.tgz",
      "integrity": "sha512-fZEwUGbVl7kouZs1jCdMLdt95hdIv0ZeHg6L7qPeciMZhZ+/gdesW4wgTARkrFWEpspjEATAzUGPG8N2jJiwbg=="
    },
    "sha.js": {
      "version": "2.4.11",
      "resolved": "https://registry.npmjs.org/sha.js/-/sha.js-2.4.11.tgz",
      "integrity": "sha512-QMEp5B7cftE7APOjk5Y6xgrbWu+WkLVQwk8JNjZ8nKRciZaByEW6MubieAiToS7+dwvrjGhH8jRXz3MVd0AYqQ==",
      "requires": {
        "inherits": "2.0.4",
        "safe-buffer": "5.2.0"
      }
    },
    "type-fest": {
      "version": "0.5.2",
      "resolved": "https://registry.npmjs.org/type-fest/-/type-fest-0.5.2.tgz",
      "integrity": "sha512-DWkS49EQKVX//Tbupb9TFa19c7+MK1XmzkrZUR8TAktmE/DizXoaoJV6TZ/tSIPXipqNiRI6CyAe7x69Jb6RSw=="
    }
  }
}
